
Microsoft Visual Studio Solution File, Format Version 12.00
# Visual Studio Version 16
VisualStudioVersion = 16.0.30114.105
MinimumVisualStudioVersion = 10.0.40219.1
Project("{2150E333-8FDC-42A3-9474-1A3956D46DE8}") = "src", "src", "{F363F1D6-9DB4-4029-9848-B1246CB69C28}"
EndProject
Project("{FAE04EC0-301F-11D3-BF4B-00C04F79EFBC}") = "gradebook", "src\gradebook\gradebook.csproj", "{0D13B5CE-8B24-4C4D-960A-27326D752E45}"
EndProject
Project("{2150E333-8FDC-42A3-9474-1A3956D46DE8}") = "test", "test", "{4AA8D53D-5C13-437A-8647-42CC72DCBDAA}"
EndProject
Project("{FAE04EC0-301F-11D3-BF4B-00C04F79EFBC}") = "GradeBook.Tests", "test\GradeBook.Tests\GradeBook.Tests.csproj", "{352CEF6F-FD33-44D1-8E43-233751ECD5B8}"
EndProject
Global
	GlobalSection(SolutionConfigurationPlatforms) = preSolution
		Debug|Any CPU = Debug|Any CPU
		Debug|x64 = Debug|x64
		Debug|x86 = Debug|x86
		Release|Any CPU = Release|Any CPU
		Release|x64 = Release|x64
		Release|x86 = Release|x86
	EndGlobalSection
	GlobalSection(SolutionProperties) = preSolution
		HideSolutionNode = FALSE
	EndGlobalSection
	GlobalSection(ProjectConfigurationPlatforms) = postSolution
		{0D13B5CE-8B24-4C4D-960A-27326D752E45}.Debug|Any CPU.ActiveCfg = Debug|Any CPU
		{0D13B5CE-8B24-4C4D-960A-27326D752E45}.Debug|Any CPU.Build.0 = Debug|Any CPU
		{0D13B5CE-8B24-4C4D-960A-27326D752E45}.Debug|x64.ActiveCfg = Debug|Any CPU
		{0D13B5CE-8B24-4C4D-960A-27326D752E45}.Debug|x64.Build.0 = Debug|Any CPU
		{0D13B5CE-8B24-4C4D-960A-27326D752E45}.Debug|x86.ActiveCfg = Debug|Any CPU
		{0D13B5CE-8B24-4C4D-960A-27326D752E45}.Debug|x86.Build.0 = Debug|Any CPU
		{0D13B5CE-8B24-4C4D-960A-27326D752E45}.Release|Any CPU.ActiveCfg = Release|Any CPU
		{0D13B5CE-8B24-4C4D-960A-27326D752E45}.Release|Any CPU.Build.0 = Release|Any CPU
		{0D13B5CE-8B24-4C4D-960A-27326D752E45}.Release|x64.ActiveCfg = Release|Any CPU
		{0D13B5CE-8B24-4C4D-960A-27326D752E45}.Release|x64.Build.0 = Release|Any CPU
		{0D13B5CE-8B24-4C4D-960A-27326D752E45}.Release|x86.ActiveCfg = Release|Any CPU
		{0D13B5CE-8B24-4C4D-960A-27326D752E45}.Release|x86.Build.0 = Release|Any CPU
		{352CEF6F-FD33-44D1-8E43-233751ECD5B8}.Debug|Any CPU.ActiveCfg = Debug|Any CPU
		{352CEF6F-FD33-44D1-8E43-233751ECD5B8}.Debug|Any CPU.Build.0 = Debug|Any CPU
		{352CEF6F-FD33-44D1-8E43-233751ECD5B8}.Debug|x64.ActiveCfg = Debug|Any CPU
		{352CEF6F-FD33-44D1-8E43-233751ECD5B8}.Debug|x64.Build.0 = Debug|Any CPU
		{352CEF6F-FD33-44D1-8E43-233751ECD5B8}.Debug|x86.ActiveCfg = Debug|Any CPU
		{352CEF6F-FD33-44D1-8E43-233751ECD5B8}.Debug|x86.Build.0 = Debug|Any CPU
		{352CEF6F-FD33-44D1-8E43-233751ECD5B8}.Release|Any CPU.ActiveCfg = Release|Any CPU
		{352CEF6F-FD33-44D1-8E43-233751ECD5B8}.Release|Any CPU.Build.0 = Release|Any CPU
		{352CEF6F-FD33-44D1-8E43-233751ECD5B8}.Release|x64.ActiveCfg = Release|Any CPU
		{352CEF6F-FD33-44D1-8E43-233751ECD5B8}.Release|x64.Build.0 = Release|Any CPU
		{352CEF6F-FD33-44D1-8E43-233751ECD5B8}.Release|x86.ActiveCfg = Release|Any CPU
		{352CEF6F-FD33-44D1-8E43-233751ECD5B8}.Release|x86.Build.0 = Release|Any CPU
	EndGlobalSection
	GlobalSection(NestedProjects) = preSolution
		{0D13B5CE-8B24-4C4D-960A-27326D752E45} = {F363F1D6-9DB4-4029-9848-B1246CB69C28}
		{352CEF6F-FD33-44D1-8E43-233751ECD5B8} = {4AA8D53D-5C13-437A-8647-42CC72DCBDAA}
	EndGlobalSection
EndGlobal
